
Microsoft Visual Studio Solution File, Format Version 12.00
# Visual Studio Version 16
VisualStudioVersion = 16.0.29806.167
MinimumVisualStudioVersion = 10.0.40219.1
Project("{2150E333-8FDC-42A3-9474-1A3956D46DE8}") = "01.Clients", "01.Clients", "{B1005642-87DC-4479-A2CC-6BC0D048A2C8}"
EndProject
Project("{2150E333-8FDC-42A3-9474-1A3956D46DE8}") = "02.Api.Gateways", "02.Api.Gateways", "{87BF99BC-E116-4899-A152-33C55DD18833}"
EndProject
Project("{2150E333-8FDC-42A3-9474-1A3956D46DE8}") = "03.Services", "03.Services", "{E64835E5-9A40-4C6F-B714-22879883B872}"
EndProject
Project("{2150E333-8FDC-42A3-9474-1A3956D46DE8}") = "01.Identity", "01.Identity", "{4F578815-8865-4C4B-B955-BE518DDD262A}"
EndProject
Project("{2150E333-8FDC-42A3-9474-1A3956D46DE8}") = "02.Catalog", "02.Catalog", "{121C6AB5-59F6-4D5D-ABF6-BE7A217D246B}"
EndProject
Project("{2150E333-8FDC-42A3-9474-1A3956D46DE8}") = "03.Customer", "03.Customer", "{C71BDBCA-546F-4626-AC7F-4A8118C2F98D}"
EndProject
Project("{2150E333-8FDC-42A3-9474-1A3956D46DE8}") = "04.Order", "04.Order", "{5736BF34-57AF-49DE-B6E7-CA14776718D7}"
EndProject
Project("{FAE04EC0-301F-11D3-BF4B-00C04F79EFBC}") = "Catalog.Api", "src\Services\Catalog\Catalog.Api\Catalog.Api.csproj", "{F6B9556E-7110-4844-97ED-89B876851091}"
EndProject
Project("{2150E333-8FDC-42A3-9474-1A3956D46DE8}") = "01. API", "01. API", "{876BA591-6C29-4DDB-B683-74F717D55751}"
EndProject
Project("{2150E333-8FDC-42A3-9474-1A3956D46DE8}") = "02. Services", "02. Services", "{66B9BBF7-4A4E-4A3A-9E55-8DF4FD560D31}"
EndProject
Project("{2150E333-8FDC-42A3-9474-1A3956D46DE8}") = "03. Persistence", "03. Persistence", "{6A7569EA-E461-41AA-9C96-EC64C69EA291}"
EndProject
Project("{2150E333-8FDC-42A3-9474-1A3956D46DE8}") = "04. Models", "04. Models", "{7EDA5E16-65A2-4F1D-8387-437FA37968D5}"
EndProject
Project("{2150E333-8FDC-42A3-9474-1A3956D46DE8}") = "05. Common", "05. Common", "{272C7419-266C-4E25-B41A-B94266613DBD}"
EndProject
Project("{2150E333-8FDC-42A3-9474-1A3956D46DE8}") = "06. Testing", "06. Testing", "{70C56AB9-0D47-4E56-BD80-B0E31F8AFD73}"
EndProject
Global
	GlobalSection(SolutionConfigurationPlatforms) = preSolution
		Debug|Any CPU = Debug|Any CPU
		Release|Any CPU = Release|Any CPU
	EndGlobalSection
	GlobalSection(ProjectConfigurationPlatforms) = postSolution
		{F6B9556E-7110-4844-97ED-89B876851091}.Debug|Any CPU.ActiveCfg = Debug|Any CPU
		{F6B9556E-7110-4844-97ED-89B876851091}.Debug|Any CPU.Build.0 = Debug|Any CPU
		{F6B9556E-7110-4844-97ED-89B876851091}.Release|Any CPU.ActiveCfg = Release|Any CPU
		{F6B9556E-7110-4844-97ED-89B876851091}.Release|Any CPU.Build.0 = Release|Any CPU
	EndGlobalSection
	GlobalSection(SolutionProperties) = preSolution
		HideSolutionNode = FALSE
	EndGlobalSection
	GlobalSection(NestedProjects) = preSolution
		{4F578815-8865-4C4B-B955-BE518DDD262A} = {E64835E5-9A40-4C6F-B714-22879883B872}
		{121C6AB5-59F6-4D5D-ABF6-BE7A217D246B} = {E64835E5-9A40-4C6F-B714-22879883B872}
		{C71BDBCA-546F-4626-AC7F-4A8118C2F98D} = {E64835E5-9A40-4C6F-B714-22879883B872}
		{5736BF34-57AF-49DE-B6E7-CA14776718D7} = {E64835E5-9A40-4C6F-B714-22879883B872}
		{F6B9556E-7110-4844-97ED-89B876851091} = {876BA591-6C29-4DDB-B683-74F717D55751}
		{876BA591-6C29-4DDB-B683-74F717D55751} = {121C6AB5-59F6-4D5D-ABF6-BE7A217D246B}
		{66B9BBF7-4A4E-4A3A-9E55-8DF4FD560D31} = {121C6AB5-59F6-4D5D-ABF6-BE7A217D246B}
		{6A7569EA-E461-41AA-9C96-EC64C69EA291} = {121C6AB5-59F6-4D5D-ABF6-BE7A217D246B}
		{7EDA5E16-65A2-4F1D-8387-437FA37968D5} = {121C6AB5-59F6-4D5D-ABF6-BE7A217D246B}
		{272C7419-266C-4E25-B41A-B94266613DBD} = {121C6AB5-59F6-4D5D-ABF6-BE7A217D246B}
		{70C56AB9-0D47-4E56-BD80-B0E31F8AFD73} = {121C6AB5-59F6-4D5D-ABF6-BE7A217D246B}
	EndGlobalSection
	GlobalSection(ExtensibilityGlobals) = postSolution
		SolutionGuid = {4CE838E3-47B5-43D6-8D6E-D75FA2C834B2}
	EndGlobalSection
EndGlobal
